
Microsoft Visual Studio Solution File, Format Version 12.00
# Visual Studio Version 17
VisualStudioVersion = 17.3.32922.545
MinimumVisualStudioVersion = 10.0.40219.1
Project("{FAE04EC0-301F-11D3-BF4B-00C04F79EFBC}") = "Task_parallel_example_2", "Task_parallel_example_2\Task_parallel_example_2.csproj", "{4A14F065-3882-4F91-878E-F587F240BD6B}"
EndProject
Global
	GlobalSection(SolutionConfigurationPlatforms) = preSolution
		Debug|Any CPU = Debug|Any CPU
		Release|Any CPU = Release|Any CPU
	EndGlobalSection
	GlobalSection(ProjectConfigurationPlatforms) = postSolution
		{4A14F065-3882-4F91-878E-F587F240BD6B}.Debug|Any CPU.ActiveCfg = Debug|Any CPU
		{4A14F065-3882-4F91-878E-F587F240BD6B}.Debug|Any CPU.Build.0 = Debug|Any CPU
		{4A14F065-3882-4F91-878E-F587F240BD6B}.Release|Any CPU.ActiveCfg = Release|Any CPU
		{4A14F065-3882-4F91-878E-F587F240BD6B}.Release|Any CPU.Build.0 = Release|Any CPU
	EndGlobalSection
	GlobalSection(SolutionProperties) = preSolution
		HideSolutionNode = FALSE
	EndGlobalSection
	GlobalSection(ExtensibilityGlobals) = postSolution
		SolutionGuid = {7A219DFA-1049-4C01-8409-ECF1BBAD72F0}
	EndGlobalSection
EndGlobal
